
Microsoft Visual Studio Solution File, Format Version 12.00
# Visual Studio Version 16
VisualStudioVersion = 16.0.32002.261
MinimumVisualStudioVersion = 10.0.40219.1
Project("{8BC9CEB8-8B4A-11D0-8D11-00A0C91BC942}") = "FFTCuda", "FFTCuda.vcxproj", "{A72DD9D0-47F5-4053-B4D7-E233E80DC8CC}"
EndProject
Global
	GlobalSection(SolutionConfigurationPlatforms) = preSolution
		Debug|x64 = Debug|x64
		Release|x64 = Release|x64
	EndGlobalSection
	GlobalSection(ProjectConfigurationPlatforms) = postSolution
		{A72DD9D0-47F5-4053-B4D7-E233E80DC8CC}.Debug|x64.ActiveCfg = Debug|x64
		{A72DD9D0-47F5-4053-B4D7-E233E80DC8CC}.Debug|x64.Build.0 = Debug|x64
		{A72DD9D0-47F5-4053-B4D7-E233E80DC8CC}.Release|x64.ActiveCfg = Release|x64
		{A72DD9D0-47F5-4053-B4D7-E233E80DC8CC}.Release|x64.Build.0 = Release|x64
	EndGlobalSection
	GlobalSection(SolutionProperties) = preSolution
		HideSolutionNode = FALSE
	EndGlobalSection
	GlobalSection(ExtensibilityGlobals) = postSolution
		SolutionGuid = {B343C3DE-F4D2-47B4-9F81-BB5E6AA0E61C}
	EndGlobalSection
EndGlobal
